{
  "name": "divar-nextjs-scraper",
  "version": "0.1.0",
  "lockfileVersion": 3,
  "requires": true,
  "packages": {
    "": {
      "name": "divar-nextjs-scraper",
      "version": "0.1.0",
      "private": true,
      "dependencies": {
        "next": "latest",
        "react": "latest",
        "react-dom": "latest",
        "playwright": "latest"
      },
      "devDependencies": {
        "typescript": "latest",
        "tsx": "latest",
        "@types/node": "latest",
        "@types/react": "latest"
      }
    }
  }
}
